// !$*UTF8*$!
{
	archiveVersion = 1;
	classes = {
	};
	objectVersion = 50;
	objects = {

/* Begin PBXBuildFile section */
		192AAD947448D49D7F398511 /* Pods_QuipuAgenda.framework in Frameworks */ = {isa = PBXBuildFile; fileRef = AE9CD20DBD7428238CD57956 /* Pods_QuipuAgenda.framework */; };
		C80EE6A3254E224400C2377D /* LoginController.swift in Sources */ = {isa = PBXBuildFile; fileRef = C80EE6A2254E224400C2377D /* LoginController.swift */; };
		C86A10FE255743E900AE29D5 /* CenterController.swift in Sources */ = {isa = PBXBuildFile; fileRef = C86A10FD255743E800AE29D5 /* CenterController.swift */; };
		C88BCF8C25575AB900FE5C79 /* RegisterUserController.swift in Sources */ = {isa = PBXBuildFile; fileRef = C88BCF8B25575AB900FE5C79 /* RegisterUserController.swift */; };
		C8D07FED254131F100941FB1 /* AppDelegate.swift in Sources */ = {isa = PBXBuildFile; fileRef = C8D07FEC254131F100941FB1 /* AppDelegate.swift */; };
		C8D07FEF254131F100941FB1 /* SceneDelegate.swift in Sources */ = {isa = PBXBuildFile; fileRef = C8D07FEE254131F100941FB1 /* SceneDelegate.swift */; };
		C8D07FF1254131F100941FB1 /* ViewController.swift in Sources */ = {isa = PBXBuildFile; fileRef = C8D07FF0254131F100941FB1 /* ViewController.swift */; };
		C8D07FF4254131F100941FB1 /* Main.storyboard in Resources */ = {isa = PBXBuildFile; fileRef = C8D07FF2254131F100941FB1 /* Main.storyboard */; };
		C8D07FF7254131F100941FB1 /* QuipuAgenda.xcdatamodeld in Sources */ = {isa = PBXBuildFile; fileRef = C8D07FF5254131F100941FB1 /* QuipuAgenda.xcdatamodeld */; };
		C8D07FF9254131F800941FB1 /* Assets.xcassets in Resources */ = {isa = PBXBuildFile; fileRef = C8D07FF8254131F800941FB1 /* Assets.xcassets */; };
		C8D07FFC254131F800941FB1 /* LaunchScreen.storyboard in Resources */ = {isa = PBXBuildFile; fileRef = C8D07FFA254131F800941FB1 /* LaunchScreen.storyboard */; };
/* End PBXBuildFile section */

/* Begin PBXFileReference section */
		47FC031F0B877924EAB26D5E /* Pods-QuipuAgenda.release.xcconfig */ = {isa = PBXFileReference; includeInIndex = 1; lastKnownFileType = text.xcconfig; name = "Pods-QuipuAgenda.release.xcconfig"; path = "Target Support Files/Pods-QuipuAgenda/Pods-QuipuAgenda.release.xcconfig"; sourceTree = "<group>"; };
		AE9CD20DBD7428238CD57956 /* Pods_QuipuAgenda.framework */ = {isa = PBXFileReference; explicitFileType = wrapper.framework; includeInIndex = 0; path = Pods_QuipuAgenda.framework; sourceTree = BUILT_PRODUCTS_DIR; };
		C80EE6A2254E224400C2377D /* LoginController.swift */ = {isa = PBXFileReference; lastKnownFileType = sourcecode.swift; path = LoginController.swift; sourceTree = "<group>"; };
		C86A10FD255743E800AE29D5 /* CenterController.swift */ = {isa = PBXFileReference; lastKnownFileType = sourcecode.swift; path = CenterController.swift; sourceTree = "<group>"; };
		C88BCF8B25575AB900FE5C79 /* RegisterUserController.swift */ = {isa = PBXFileReference; lastKnownFileType = sourcecode.swift; path = RegisterUserController.swift; sourceTree = "<group>"; };
		C8D07FE9254131F100941FB1 /* QuipuAgenda.app */ = {isa = PBXFileReference; explicitFileType = wrapper.application; includeInIndex = 0; path = QuipuAgenda.app; sourceTree = BUILT_PRODUCTS_DIR; };
		C8D07FEC254131F100941FB1 /* AppDelegate.swift */ = {isa = PBXFileReference; lastKnownFileType = sourcecode.swift; path = AppDelegate.swift; sourceTree = "<group>"; };
		C8D07FEE254131F100941FB1 /* SceneDelegate.swift */ = {isa = PBXFileReference; lastKnownFileType = sourcecode.swift; path = SceneDelegate.swift; sourceTree = "<group>"; };
		C8D07FF0254131F100941FB1 /* ViewController.swift */ = {isa = PBXFileReference; lastKnownFileType = sourcecode.swift; path = ViewController.swift; sourceTree = "<group>"; };
		C8D07FF3254131F100941FB1 /* Base */ = {isa = PBXFileReference; lastKnownFileType = file.storyboard; name = Base; path = Base.lproj/Main.storyboard; sourceTree = "<group>"; };
		C8D07FF6254131F100941FB1 /* QuipuAgenda.xcdatamodel */ = {isa = PBXFileReference; lastKnownFileType = wrapper.xcdatamodel; path = QuipuAgenda.xcdatamodel; sourceTree = "<group>"; };
		C8D07FF8254131F800941FB1 /* Assets.xcassets */ = {isa = PBXFileReference; lastKnownFileType = folder.assetcatalog; path = Assets.xcassets; sourceTree = "<group>"; };
		C8D07FFB254131F800941FB1 /* Base */ = {isa = PBXFileReference; lastKnownFileType = file.storyboard; name = Base; path = Base.lproj/LaunchScreen.storyboard; sourceTree = "<group>"; };
		C8D07FFD254131F800941FB1 /* Info.plist */ = {isa = PBXFileReference; lastKnownFileType = text.plist.xml; path = Info.plist; sourceTree = "<group>"; };
		D95F61C39D095C43073CB40C /* Pods-QuipuAgenda.debug.xcconfig */ = {isa = PBXFileReference; includeInIndex = 1; lastKnownFileType = text.xcconfig; name = "Pods-QuipuAgenda.debug.xcconfig"; path = "Target Support Files/Pods-QuipuAgenda/Pods-QuipuAgenda.debug.xcconfig"; sourceTree = "<group>"; };
/* End PBXFileReference section */

/* Begin PBXFrameworksBuildPhase section */
		C8D07FE6254131F100941FB1 /* Frameworks */ = {
			isa = PBXFrameworksBuildPhase;
			buildActionMask = 2147483647;
			files = (
				192AAD947448D49D7F398511 /* Pods_QuipuAgenda.framework in Frameworks */,
			);
			runOnlyForDeploymentPostprocessing = 0;
		};
/* End PBXFrameworksBuildPhase section */

/* Begin PBXGroup section */
		22CE6F87AB57FED745D7D7B6 /* Pods */ = {
			isa = PBXGroup;
			children = (
				D95F61C39D095C43073CB40C /* Pods-QuipuAgenda.debug.xcconfig */,
				47FC031F0B877924EAB26D5E /* Pods-QuipuAgenda.release.xcconfig */,
			);
			name = Pods;
			path = Pods;
			sourceTree = "<group>";
		};
		7058A1E9224509E42D48DAAD /* Frameworks */ = {
			isa = PBXGroup;
			children = (
				AE9CD20DBD7428238CD57956 /* Pods_QuipuAgenda.framework */,
			);
			name = Frameworks;
			sourceTree = "<group>";
		};
		C8D07FE0254131F000941FB1 = {
			isa = PBXGroup;
			children = (
				C8D07FEB254131F100941FB1 /* QuipuAgenda */,
				C8D07FEA254131F100941FB1 /* Products */,
				22CE6F87AB57FED745D7D7B6 /* Pods */,
				7058A1E9224509E42D48DAAD /* Frameworks */,
			);
			sourceTree = "<group>";
		};
		C8D07FEA254131F100941FB1 /* Products */ = {
			isa = PBXGroup;
			children = (
				C8D07FE9254131F100941FB1 /* QuipuAgenda.app */,
			);
			name = Products;
			sourceTree = "<group>";
		};
		C8D07FEB254131F100941FB1 /* QuipuAgenda */ = {
			isa = PBXGroup;
			children = (
				C8D07FEC254131F100941FB1 /* AppDelegate.swift */,
				C8D07FEE254131F100941FB1 /* SceneDelegate.swift */,
				C8D07FF0254131F100941FB1 /* ViewController.swift */,
				C8D07FF2254131F100941FB1 /* Main.storyboard */,
				C8D07FF8254131F800941FB1 /* Assets.xcassets */,
				C8D07FFA254131F800941FB1 /* LaunchScreen.storyboard */,
				C8D07FFD254131F800941FB1 /* Info.plist */,
				C8D07FF5254131F100941FB1 /* QuipuAgenda.xcdatamodeld */,
				C80EE6A2254E224400C2377D /* LoginController.swift */,
				C86A10FD255743E800AE29D5 /* CenterController.swift */,
				C88BCF8B25575AB900FE5C79 /* RegisterUserController.swift */,
			);
			path = QuipuAgenda;
			sourceTree = "<group>";
		};
/* End PBXGroup section */

/* Begin PBXNativeTarget section */
		C8D07FE8254131F100941FB1 /* QuipuAgenda */ = {
			isa = PBXNativeTarget;
			buildConfigurationList = C8D08000254131F800941FB1 /* Build configuration list for PBXNativeTarget "QuipuAgenda" */;
			buildPhases = (
				D0DDF721ADCE12C218ADD5F6 /* [CP] Check Pods Manifest.lock */,
				C8D07FE5254131F100941FB1 /* Sources */,
				C8D07FE6254131F100941FB1 /* Frameworks */,
				C8D07FE7254131F100941FB1 /* Resources */,
				382394AA91BCB2739A486606 /* [CP] Embed Pods Frameworks */,
			);
			buildRules = (
			);
			dependencies = (
			);
			name = QuipuAgenda;
			productName = QuipuAgenda;
			productReference = C8D07FE9254131F100941FB1 /* QuipuAgenda.app */;
			productType = "com.apple.product-type.application";
		};
/* End PBXNativeTarget section */

/* Begin PBXProject section */
		C8D07FE1254131F000941FB1 /* Project object */ = {
			isa = PBXProject;
			attributes = {
				LastSwiftUpdateCheck = 1170;
				LastUpgradeCheck = 1200;
				ORGANIZATIONNAME = "Equipo Dinamita";
				TargetAttributes = {
					C8D07FE8254131F100941FB1 = {
						CreatedOnToolsVersion = 11.7;
					};
				};
			};
			buildConfigurationList = C8D07FE4254131F000941FB1 /* Build configuration list for PBXProject "QuipuAgenda" */;
			compatibilityVersion = "Xcode 9.3";
			developmentRegion = en;
			hasScannedForEncodings = 0;
			knownRegions = (
				en,
				Base,
			);
			mainGroup = C8D07FE0254131F000941FB1;
			productRefGroup = C8D07FEA254131F100941FB1 /* Products */;
			projectDirPath = "";
			projectRoot = "";
			targets = (
				C8D07FE8254131F100941FB1 /* QuipuAgenda */,
			);
		};
/* End PBXProject section */

/* Begin PBXResourcesBuildPhase section */
		C8D07FE7254131F100941FB1 /* Resources */ = {
			isa = PBXResourcesBuildPhase;
			buildActionMask = 2147483647;
			files = (
				C8D07FFC254131F800941FB1 /* LaunchScreen.storyboard in Resources */,
				C8D07FF9254131F800941FB1 /* Assets.xcassets in Resources */,
				C8D07FF4254131F100941FB1 /* Main.storyboard in Resources */,
			);
			runOnlyForDeploymentPostprocessing = 0;
		};
/* End PBXResourcesBuildPhase section */

/* Begin PBXShellScriptBuildPhase section */
		382394AA91BCB2739A486606 /* [CP] Embed Pods Frameworks */ = {
			isa = PBXShellScriptBuildPhase;
			buildActionMask = 2147483647;
			files = (
			);
			inputFileListPaths = (
				"${PODS_ROOT}/Target Support Files/Pods-QuipuAgenda/Pods-QuipuAgenda-frameworks-${CONFIGURATION}-input-files.xcfilelist",
			);
			name = "[CP] Embed Pods Frameworks";
			outputFileListPaths = (
				"${PODS_ROOT}/Target Support Files/Pods-QuipuAgenda/Pods-QuipuAgenda-frameworks-${CONFIGURATION}-output-files.xcfilelist",
			);
			runOnlyForDeploymentPostprocessing = 0;
			shellPath = /bin/sh;
			shellScript = "\"${PODS_ROOT}/Target Support Files/Pods-QuipuAgenda/Pods-QuipuAgenda-frameworks.sh\"\n";
			showEnvVarsInLog = 0;
		};
		D0DDF721ADCE12C218ADD5F6 /* [CP] Check Pods Manifest.lock */ = {
			isa = PBXShellScriptBuildPhase;
			buildActionMask = 2147483647;
			files = (
			);
			inputFileListPaths = (
			);
			inputPaths = (
				"${PODS_PODFILE_DIR_PATH}/Podfile.lock",
				"${PODS_ROOT}/Manifest.lock",
			);
			name = "[CP] Check Pods Manifest.lock";
			outputFileListPaths = (
			);
			outputPaths = (
				"$(DERIVED_FILE_DIR)/Pods-QuipuAgenda-checkManifestLockResult.txt",
			);
			runOnlyForDeploymentPostprocessing = 0;
			shellPath = /bin/sh;
			shellScript = "diff \"${PODS_PODFILE_DIR_PATH}/Podfile.lock\" \"${PODS_ROOT}/Manifest.lock\" > /dev/null\nif [ $? != 0 ] ; then\n    # print error to STDERR\n    echo \"error: The sandbox is not in sync with the Podfile.lock. Run 'pod install' or update your CocoaPods installation.\" >&2\n    exit 1\nfi\n# This output is used by Xcode 'outputs' to avoid re-running this script phase.\necho \"SUCCESS\" > \"${SCRIPT_OUTPUT_FILE_0}\"\n";
			showEnvVarsInLog = 0;
		};
/* End PBXShellScriptBuildPhase section */

/* Begin PBXSourcesBuildPhase section */
		C8D07FE5254131F100941FB1 /* Sources */ = {
			isa = PBXSourcesBuildPhase;
			buildActionMask = 2147483647;
			files = (
				C8D07FF7254131F100941FB1 /* QuipuAgenda.xcdatamodeld in Sources */,
				C88BCF8C25575AB900FE5C79 /* RegisterUserController.swift in Sources */,
				C8D07FF1254131F100941FB1 /* ViewController.swift in Sources */,
				C86A10FE255743E900AE29D5 /* CenterController.swift in Sources */,
				C8D07FED254131F100941FB1 /* AppDelegate.swift in Sources */,
				C8D07FEF254131F100941FB1 /* SceneDelegate.swift in Sources */,
				C80EE6A3254E224400C2377D /* LoginController.swift in Sources */,
			);
			runOnlyForDeploymentPostprocessing = 0;
		};
/* End PBXSourcesBuildPhase section */

/* Begin PBXVariantGroup section */
		C8D07FF2254131F100941FB1 /* Main.storyboard */ = {
			isa = PBXVariantGroup;
			children = (
				C8D07FF3254131F100941FB1 /* Base */,
			);
			name = Main.storyboard;
			sourceTree = "<group>";
		};
		C8D07FFA254131F800941FB1 /* LaunchScreen.storyboard */ = {
			isa = PBXVariantGroup;
			children = (
				C8D07FFB254131F800941FB1 /* Base */,
			);
			name = LaunchScreen.storyboard;
			sourceTree = "<group>";
		};
/* End PBXVariantGroup section */

/* Begin XCBuildConfiguration section */
		C8D07FFE254131F800941FB1 /* Debug */ = {
			isa = XCBuildConfiguration;
			buildSettings = {
				ALWAYS_SEARCH_USER_PATHS = NO;
				CLANG_ANALYZER_NONNULL = YES;
				CLANG_ANALYZER_NUMBER_OBJECT_CONVERSION = YES_AGGRESSIVE;
				CLANG_CXX_LANGUAGE_STANDARD = "gnu++14";
				CLANG_CXX_LIBRARY = "libc++";
				CLANG_ENABLE_MODULES = YES;
				CLANG_ENABLE_OBJC_ARC = YES;
				CLANG_ENABLE_OBJC_WEAK = YES;
				CLANG_WARN_BLOCK_CAPTURE_AUTORELEASING = YES;
				CLANG_WARN_BOOL_CONVERSION = YES;
				CLANG_WARN_COMMA = YES;
				CLANG_WARN_CONSTANT_CONVERSION = YES;
				CLANG_WARN_DEPRECATED_OBJC_IMPLEMENTATIONS = YES;
				CLANG_WARN_DIRECT_OBJC_ISA_USAGE = YES_ERROR;
				CLANG_WARN_DOCUMENTATION_COMMENTS = YES;
				CLANG_WARN_EMPTY_BODY = YES;
				CLANG_WARN_ENUM_CONVERSION = YES;
				CLANG_WARN_INFINITE_RECURSION = YES;
				CLANG_WARN_INT_CONVERSION = YES;
				CLANG_WARN_NON_LITERAL_NULL_CONVERSION = YES;
				CLANG_WARN_OBJC_IMPLICIT_RETAIN_SELF = YES;
				CLANG_WARN_OBJC_LITERAL_CONVERSION = YES;
				CLANG_WARN_OBJC_ROOT_CLASS = YES_ERROR;
				CLANG_WARN_QUOTED_INCLUDE_IN_FRAMEWORK_HEADER = YES;
				CLANG_WARN_RANGE_LOOP_ANALYSIS = YES;
				CLANG_WARN_STRICT_PROTOTYPES = YES;
				CLANG_WARN_SUSPICIOUS_MOVE = YES;
				CLANG_WARN_UNGUARDED_AVAILABILITY = YES_AGGRESSIVE;
				CLANG_WARN_UNREACHABLE_CODE = YES;
				CLANG_WARN__DUPLICATE_METHOD_MATCH = YES;
				COPY_PHASE_STRIP = NO;
				DEBUG_INFORMATION_FORMAT = dwarf;
				ENABLE_STRICT_OBJC_MSGSEND = YES;
				ENABLE_TESTABILITY = YES;
				GCC_C_LANGUAGE_STANDARD = gnu11;
				GCC_DYNAMIC_NO_PIC = NO;
				GCC_NO_COMMON_BLOCKS = YES;
				GCC_OPTIMIZATION_LEVEL = 0;
				GCC_PREPROCESSOR_DEFINITIONS = (
					"DEBUG=1",
					"$(inherited)",
				);
				GCC_WARN_64_TO_32_BIT_CONVERSION = YES;
				GCC_WARN_ABOUT_RETURN_TYPE = YES_ERROR;
				GCC_WARN_UNDECLARED_SELECTOR = YES;
				GCC_WARN_UNINITIALIZED_AUTOS = YES_AGGRESSIVE;
				GCC_WARN_UNUSED_FUNCTION = YES;
				GCC_WARN_UNUSED_VARIABLE = YES;
				IPHONEOS_DEPLOYMENT_TARGET = 10.3;
				MTL_ENABLE_DEBUG_INFO = INCLUDE_SOURCE;
				MTL_FAST_MATH = YES;
				ONLY_ACTIVE_ARCH = YES;
				SDKROOT = iphoneos;
				SWIFT_ACTIVE_COMPILATION_CONDITIONS = DEBUG;
				SWIFT_OPTIMIZATION_LEVEL = "-Onone";
			};
			name = Debug;
		};
		C8D07FFF254131F800941FB1 /* Release */ = {
			isa = XCBuildConfiguration;
			buildSettings = {
				ALWAYS_SEARCH_USER_PATHS = NO;
				CLANG_ANALYZER_NONNULL = YES;
				CLANG_ANALYZER_NUMBER_OBJECT_CONVERSION = YES_AGGRESSIVE;
				CLANG_CXX_LANGUAGE_STANDARD = "gnu++14";
				CLANG_CXX_LIBRARY = "libc++";
				CLANG_ENABLE_MODULES = YES;
				CLANG_ENABLE_OBJC_ARC = YES;
				CLANG_ENABLE_OBJC_WEAK = YES;
				CLANG_WARN_BLOCK_CAPTURE_AUTORELEASING = YES;
				CLANG_WARN_BOOL_CONVERSION = YES;
				CLANG_WARN_COMMA = YES;
				CLANG_WARN_CONSTANT_CONVERSION = YES;
				CLANG_WARN_DEPRECATED_OBJC_IMPLEMENTATIONS = YES;
				CLANG_WARN_DIRECT_OBJC_ISA_USAGE = YES_ERROR;
				CLANG_WARN_DOCUMENTATION_COMMENTS = YES;
				CLANG_WARN_EMPTY_BODY = YES;
				CLANG_WARN_ENUM_CONVERSION = YES;
				CLANG_WARN_INFINITE_RECURSION = YES;
				CLANG_WARN_INT_CONVERSION = YES;
				CLANG_WARN_NON_LITERAL_NULL_CONVERSION = YES;
				CLANG_WARN_OBJC_IMPLICIT_RETAIN_SELF = YES;
				CLANG_WARN_OBJC_LITERAL_CONVERSION = YES;
				CLANG_WARN_OBJC_ROOT_CLASS = YES_ERROR;
				CLANG_WARN_QUOTED_INCLUDE_IN_FRAMEWORK_HEADER = YES;
				CLANG_WARN_RANGE_LOOP_ANALYSIS = YES;
				CLANG_WARN_STRICT_PROTOTYPES = YES;
				CLANG_WARN_SUSPICIOUS_MOVE = YES;
				CLANG_WARN_UNGUARDED_AVAILABILITY = YES_AGGRESSIVE;
				CLANG_WARN_UNREACHABLE_CODE = YES;
				CLANG_WARN__DUPLICATE_METHOD_MATCH = YES;
				COPY_PHASE_STRIP = NO;
				DEBUG_INFORMATION_FORMAT = "dwarf-with-dsym";
				ENABLE_NS_ASSERTIONS = NO;
				ENABLE_STRICT_OBJC_MSGSEND = YES;
				GCC_C_LANGUAGE_STANDARD = gnu11;
				GCC_NO_COMMON_BLOCKS = YES;
				GCC_WARN_64_TO_32_BIT_CONVERSION = YES;
				GCC_WARN_ABOUT_RETURN_TYPE = YES_ERROR;
				GCC_WARN_UNDECLARED_SELECTOR = YES;
				GCC_WARN_UNINITIALIZED_AUTOS = YES_AGGRESSIVE;
				GCC_WARN_UNUSED_FUNCTION = YES;
				GCC_WARN_UNUSED_VARIABLE = YES;
				IPHONEOS_DEPLOYMENT_TARGET = 10.3;
				MTL_ENABLE_DEBUG_INFO = NO;
				MTL_FAST_MATH = YES;
				SDKROOT = iphoneos;
				SWIFT_COMPILATION_MODE = wholemodule;
				SWIFT_OPTIMIZATION_LEVEL = "-O";
				VALIDATE_PRODUCT = YES;
			};
			name = Release;
		};
		C8D08001254131F800941FB1 /* Debug */ = {
			isa = XCBuildConfiguration;
			baseConfigurationReference = D95F61C39D095C43073CB40C /* Pods-QuipuAgenda.debug.xcconfig */;
			buildSettings = {
				ASSETCATALOG_COMPILER_APPICON_NAME = AppIcon;
				CODE_SIGN_STYLE = Automatic;
				INFOPLIST_FILE = QuipuAgenda/Info.plist;
				IPHONEOS_DEPLOYMENT_TARGET = 10.3;
				LD_RUNPATH_SEARCH_PATHS = (
					"$(inherited)",
					"@executable_path/Frameworks",
				);
				PRODUCT_BUNDLE_IDENTIFIER = com.app.QuipuAgenda;
				PRODUCT_NAME = "$(TARGET_NAME)";
				SWIFT_VERSION = 5.0;
				TARGETED_DEVICE_FAMILY = "1,2";
			};
			name = Debug;
		};
		C8D08002254131F800941FB1 /* Release */ = {
			isa = XCBuildConfiguration;
			baseConfigurationReference = 47FC031F0B877924EAB26D5E /* Pods-QuipuAgenda.release.xcconfig */;
			buildSettings = {
				ASSETCATALOG_COMPILER_APPICON_NAME = AppIcon;
				CODE_SIGN_STYLE = Automatic;
				INFOPLIST_FILE = QuipuAgenda/Info.plist;
				IPHONEOS_DEPLOYMENT_TARGET = 10.3;
				LD_RUNPATH_SEARCH_PATHS = (
					"$(inherited)",
					"@executable_path/Frameworks",
				);
				PRODUCT_BUNDLE_IDENTIFIER = com.app.QuipuAgenda;
				PRODUCT_NAME = "$(TARGET_NAME)";
				SWIFT_VERSION = 5.0;
				TARGETED_DEVICE_FAMILY = "1,2";
			};
			name = Release;
		};
/* End XCBuildConfiguration section */

/* Begin XCConfigurationList section */
		C8D07FE4254131F000941FB1 /* Build configuration list for PBXProject "QuipuAgenda" */ = {
			isa = XCConfigurationList;
			buildConfigurations = (
				C8D07FFE254131F800941FB1 /* Debug */,
				C8D07FFF254131F800941FB1 /* Release */,
			);
			defaultConfigurationIsVisible = 0;
			defaultConfigurationName = Release;
		};
		C8D08000254131F800941FB1 /* Build configuration list for PBXNativeTarget "QuipuAgenda" */ = {
			isa = XCConfigurationList;
			buildConfigurations = (
				C8D08001254131F800941FB1 /* Debug */,
				C8D08002254131F800941FB1 /* Release */,
			);
			defaultConfigurationIsVisible = 0;
			defaultConfigurationName = Release;
		};
/* End XCConfigurationList section */

/* Begin XCVersionGroup section */
		C8D07FF5254131F100941FB1 /* QuipuAgenda.xcdatamodeld */ = {
			isa = XCVersionGroup;
			children = (
				C8D07FF6254131F100941FB1 /* QuipuAgenda.xcdatamodel */,
			);
			currentVersion = C8D07FF6254131F100941FB1 /* QuipuAgenda.xcdatamodel */;
			path = QuipuAgenda.xcdatamodeld;
			sourceTree = "<group>";
			versionGroupType = wrapper.xcdatamodel;
		};
/* End XCVersionGroup section */
	};
	rootObject = C8D07FE1254131F000941FB1 /* Project object */;
}
